
Microsoft Visual Studio Solution File, Format Version 12.00
# Visual Studio 15
VisualStudioVersion = 15.0.26730.12
MinimumVisualStudioVersion = 10.0.40219.1
Project("{FAE04EC0-301F-11D3-BF4B-00C04F79EFBC}") = "Homework_WF", "WindowsFormsApp7\Homework_WF.csproj", "{DEC82740-C8B5-4AB1-B42C-5AD13FFC3C16}"
EndProject
Global
	GlobalSection(SolutionConfigurationPlatforms) = preSolution
		Debug|Any CPU = Debug|Any CPU
		Release|Any CPU = Release|Any CPU
	EndGlobalSection
	GlobalSection(ProjectConfigurationPlatforms) = postSolution
		{DEC82740-C8B5-4AB1-B42C-5AD13FFC3C16}.Debug|Any CPU.ActiveCfg = Debug|Any CPU
		{DEC82740-C8B5-4AB1-B42C-5AD13FFC3C16}.Debug|Any CPU.Build.0 = Debug|Any CPU
		{DEC82740-C8B5-4AB1-B42C-5AD13FFC3C16}.Release|Any CPU.ActiveCfg = Release|Any CPU
		{DEC82740-C8B5-4AB1-B42C-5AD13FFC3C16}.Release|Any CPU.Build.0 = Release|Any CPU
	EndGlobalSection
	GlobalSection(SolutionProperties) = preSolution
		HideSolutionNode = FALSE
	EndGlobalSection
	GlobalSection(ExtensibilityGlobals) = postSolution
		SolutionGuid = {CDD8A69D-6E6E-4846-BCE7-76CA98B718CB}
	EndGlobalSection
EndGlobal
